<?xml version="1.0" encoding="UTF-8" standalone="yes" ?>
<CodeBlocks_project_file>
	<FileVersion major="1" minor="6" />
	<Project>
		<Option title="projekt_grela" />
		<Option pch_mode="2" />
		<Option compiler="gcc" />
		<Build>
			<Target title="Debug">
				<Option output="bin/Debug/projekt-grela" prefix_auto="1" extension_auto="1" />
				<Option object_output="obj/Debug/" />
				<Option type="1" />
				<Option compiler="gcc" />
				<Compiler>
					<Add option="-g" />
					<Add directory="include" />
				</Compiler>
			</Target>
			<Target title="Release">
				<Option output="bin/Release/projekt-grela" prefix_auto="1" extension_auto="1" />
				<Option object_output="obj/Release/" />
				<Option type="0" />
				<Option compiler="gcc" />
				<Compiler>
					<Add option="-O2" />
					<Add directory="include" />
				</Compiler>
				<Linker>
					<Add option="-s" />
				</Linker>
			</Target>
		</Build>
		<Compiler>
			<Add option="-Wall" />
			<Add directory="SDL-1.2.14/include" />
		</Compiler>
		<Linker>
			<Add library="mingw32" />
			<Add library="SDLmain" />
			<Add library="SDL.dll" />
			<Add library="user32" />
			<Add library="gdi32" />
			<Add library="winmm" />
			<Add library="dxguid" />
			<Add directory="SDL-1.2.14/lib" />
		</Linker>
		<Unit filename="cb.bmp" />
		<Unit filename="include/Bitmap.h" />
		<Unit filename="include/Screen.h" />
		<Unit filename="include/algorytmy.h" />
		<Unit filename="main.cpp" />
		<Unit filename="src/Bitmap.cpp" />
		<Unit filename="src/Screen.cpp" />
		<Unit filename="src/compression.cpp" />
		<Unit filename="src/dittering.cpp" />
		<Unit filename="src/getpallete.cpp" />
		<Unit filename="src/to3bit.cpp" />
		<Unit filename="src/write&amp;read_pic.cpp" />
		<Extensions>
			<code_completion />
			<envvars />
			<debugger />
			<lib_finder disable_auto="1" />
		</Extensions>
	</Project>
</CodeBlocks_project_file>
